
Microsoft Visual Studio Solution File, Format Version 12.00
# Visual Studio Version 17
VisualStudioVersion = 17.0.31903.59
MinimumVisualStudioVersion = 10.0.40219.1
Project("{2150E333-8FDC-42A3-9474-1A3956D46DE8}") = "src", "src", "{827E0CD3-B72D-47B6-A68D-7590B98EB39B}"
EndProject
Project("{FAE04EC0-301F-11D3-BF4B-00C04F79EFBC}") = "AiDocumentRedactor.Cli", "src\AiDocumentRedactor.Cli\AiDocumentRedactor.Cli.csproj", "{6696CC94-A990-4B8F-8BAD-5982E63BB0F3}"
EndProject
Project("{FAE04EC0-301F-11D3-BF4B-00C04F79EFBC}") = "AiDocumentRedactor.Core", "src\AiDocumentRedactor.Core\AiDocumentRedactor.Core.csproj", "{3147DD63-807A-4B81-BA6A-F42BDC5F3FC2}"
EndProject
Project("{FAE04EC0-301F-11D3-BF4B-00C04F79EFBC}") = "AiDocumentRedactor.Detection", "src\AiDocumentRedactor.Detection\AiDocumentRedactor.Detection.csproj", "{A12E6F2A-FFEA-4747-8EA0-5F0EE2E34B50}"
EndProject
Project("{FAE04EC0-301F-11D3-BF4B-00C04F79EFBC}") = "AiDocumentRedactor.Documents", "src\AiDocumentRedactor.Documents\AiDocumentRedactor.Documents.csproj", "{032FB858-B279-45DD-9B14-20C3689F1FF4}"
EndProject
Project("{2150E333-8FDC-42A3-9474-1A3956D46DE8}") = "tests", "tests", "{0AB3BF05-4346-4AA6-1389-037BE0695223}"
EndProject
Project("{FAE04EC0-301F-11D3-BF4B-00C04F79EFBC}") = "AiDocumentRedactor.Tests", "tests\AiDocumentRedactor.Tests\AiDocumentRedactor.Tests.csproj", "{12E73D00-8436-43EB-B82E-AAAC1F9354DA}"
EndProject
Project("{2150E333-8FDC-42A3-9474-1A3956D46DE8}") = "tools", "tools", "{07C2787E-EAC7-C090-1BA3-A61EC2A24D84}"
EndProject
Project("{FAE04EC0-301F-11D3-BF4B-00C04F79EFBC}") = "AiDocumentRedactor.CorpusGenerator", "tools\AiDocumentRedactor.CorpusGenerator\AiDocumentRedactor.CorpusGenerator.csproj", "{4D51C3CC-9CD2-4D8C-88B2-725E69A7A90A}"
EndProject
Project("{FAE04EC0-301F-11D3-BF4B-00C04F79EFBC}") = "AiDocumentRedactor.App.ViewModels", "src\AiDocumentRedactor.App.ViewModels\AiDocumentRedactor.App.ViewModels.csproj", "{A92B603C-A658-44CB-9236-8A1E01EE83AE}"
EndProject
Project("{FAE04EC0-301F-11D3-BF4B-00C04F79EFBC}") = "AiDocumentRedactor.App.Ui", "src\AiDocumentRedactor.App.Ui\AiDocumentRedactor.App.Ui.csproj", "{D5D7FF1D-7BAF-4601-A666-FE32D4A6D384}"
EndProject
Project("{FAE04EC0-301F-11D3-BF4B-00C04F79EFBC}") = "AiDocumentRedactor.App.Web", "src\AiDocumentRedactor.App.Web\AiDocumentRedactor.App.Web.csproj", "{E6270A2C-6154-46BA-9E8A-E488419D7ECA}"
EndProject
Project("{FAE04EC0-301F-11D3-BF4B-00C04F79EFBC}") = "AiDocumentRedactor.Ocr", "src\AiDocumentRedactor.Ocr\AiDocumentRedactor.Ocr.csproj", "{BCD5B8EF-2207-4635-BCEC-671409E4FE91}"
EndProject
Project("{FAE04EC0-301F-11D3-BF4B-00C04F79EFBC}") = "AiDocumentRedactor.Eval", "src\AiDocumentRedactor.Eval\AiDocumentRedactor.Eval.csproj", "{24558310-930E-454E-A55A-4362AED4D4AF}"
EndProject
Project("{FAE04EC0-301F-11D3-BF4B-00C04F79EFBC}") = "AiDocumentRedactor.GlinerSpike", "tools\AiDocumentRedactor.GlinerSpike\AiDocumentRedactor.GlinerSpike.csproj", "{C51D99F4-24B5-46F5-BF20-1A312C117783}"
EndProject
Global
	GlobalSection(SolutionConfigurationPlatforms) = preSolution
		Debug|Any CPU = Debug|Any CPU
		Debug|x64 = Debug|x64
		Debug|x86 = Debug|x86
		Release|Any CPU = Release|Any CPU
		Release|x64 = Release|x64
		Release|x86 = Release|x86
	EndGlobalSection
	GlobalSection(ProjectConfigurationPlatforms) = postSolution
		{6696CC94-A990-4B8F-8BAD-5982E63BB0F3}.Debug|Any CPU.ActiveCfg = Debug|Any CPU
		{6696CC94-A990-4B8F-8BAD-5982E63BB0F3}.Debug|Any CPU.Build.0 = Debug|Any CPU
		{6696CC94-A990-4B8F-8BAD-5982E63BB0F3}.Debug|x64.ActiveCfg = Debug|Any CPU
		{6696CC94-A990-4B8F-8BAD-5982E63BB0F3}.Debug|x64.Build.0 = Debug|Any CPU
		{6696CC94-A990-4B8F-8BAD-5982E63BB0F3}.Debug|x86.ActiveCfg = Debug|Any CPU
		{6696CC94-A990-4B8F-8BAD-5982E63BB0F3}.Debug|x86.Build.0 = Debug|Any CPU
		{6696CC94-A990-4B8F-8BAD-5982E63BB0F3}.Release|Any CPU.ActiveCfg = Release|Any CPU
		{6696CC94-A990-4B8F-8BAD-5982E63BB0F3}.Release|Any CPU.Build.0 = Release|Any CPU
		{6696CC94-A990-4B8F-8BAD-5982E63BB0F3}.Release|x64.ActiveCfg = Release|Any CPU
		{6696CC94-A990-4B8F-8BAD-5982E63BB0F3}.Release|x64.Build.0 = Release|Any CPU
		{6696CC94-A990-4B8F-8BAD-5982E63BB0F3}.Release|x86.ActiveCfg = Release|Any CPU
		{6696CC94-A990-4B8F-8BAD-5982E63BB0F3}.Release|x86.Build.0 = Release|Any CPU
		{3147DD63-807A-4B81-BA6A-F42BDC5F3FC2}.Debug|Any CPU.ActiveCfg = Debug|Any CPU
		{3147DD63-807A-4B81-BA6A-F42BDC5F3FC2}.Debug|Any CPU.Build.0 = Debug|Any CPU
		{3147DD63-807A-4B81-BA6A-F42BDC5F3FC2}.Debug|x64.ActiveCfg = Debug|Any CPU
		{3147DD63-807A-4B81-BA6A-F42BDC5F3FC2}.Debug|x64.Build.0 = Debug|Any CPU
		{3147DD63-807A-4B81-BA6A-F42BDC5F3FC2}.Debug|x86.ActiveCfg = Debug|Any CPU
		{3147DD63-807A-4B81-BA6A-F42BDC5F3FC2}.Debug|x86.Build.0 = Debug|Any CPU
		{3147DD63-807A-4B81-BA6A-F42BDC5F3FC2}.Release|Any CPU.ActiveCfg = Release|Any CPU
		{3147DD63-807A-4B81-BA6A-F42BDC5F3FC2}.Release|Any CPU.Build.0 = Release|Any CPU
		{3147DD63-807A-4B81-BA6A-F42BDC5F3FC2}.Release|x64.ActiveCfg = Release|Any CPU
		{3147DD63-807A-4B81-BA6A-F42BDC5F3FC2}.Release|x64.Build.0 = Release|Any CPU
		{3147DD63-807A-4B81-BA6A-F42BDC5F3FC2}.Release|x86.ActiveCfg = Release|Any CPU
		{3147DD63-807A-4B81-BA6A-F42BDC5F3FC2}.Release|x86.Build.0 = Release|Any CPU
		{A12E6F2A-FFEA-4747-8EA0-5F0EE2E34B50}.Debug|Any CPU.ActiveCfg = Debug|Any CPU
		{A12E6F2A-FFEA-4747-8EA0-5F0EE2E34B50}.Debug|Any CPU.Build.0 = Debug|Any CPU
		{A12E6F2A-FFEA-4747-8EA0-5F0EE2E34B50}.Debug|x64.ActiveCfg = Debug|Any CPU
		{A12E6F2A-FFEA-4747-8EA0-5F0EE2E34B50}.Debug|x64.Build.0 = Debug|Any CPU
		{A12E6F2A-FFEA-4747-8EA0-5F0EE2E34B50}.Debug|x86.ActiveCfg = Debug|Any CPU
		{A12E6F2A-FFEA-4747-8EA0-5F0EE2E34B50}.Debug|x86.Build.0 = Debug|Any CPU
		{A12E6F2A-FFEA-4747-8EA0-5F0EE2E34B50}.Release|Any CPU.ActiveCfg = Release|Any CPU
		{A12E6F2A-FFEA-4747-8EA0-5F0EE2E34B50}.Release|Any CPU.Build.0 = Release|Any CPU
		{A12E6F2A-FFEA-4747-8EA0-5F0EE2E34B50}.Release|x64.ActiveCfg = Release|Any CPU
		{A12E6F2A-FFEA-4747-8EA0-5F0EE2E34B50}.Release|x64.Build.0 = Release|Any CPU
		{A12E6F2A-FFEA-4747-8EA0-5F0EE2E34B50}.Release|x86.ActiveCfg = Release|Any CPU
		{A12E6F2A-FFEA-4747-8EA0-5F0EE2E34B50}.Release|x86.Build.0 = Release|Any CPU
		{032FB858-B279-45DD-9B14-20C3689F1FF4}.Debug|Any CPU.ActiveCfg = Debug|Any CPU
		{032FB858-B279-45DD-9B14-20C3689F1FF4}.Debug|Any CPU.Build.0 = Debug|Any CPU
		{032FB858-B279-45DD-9B14-20C3689F1FF4}.Debug|x64.ActiveCfg = Debug|Any CPU
		{032FB858-B279-45DD-9B14-20C3689F1FF4}.Debug|x64.Build.0 = Debug|Any CPU
		{032FB858-B279-45DD-9B14-20C3689F1FF4}.Debug|x86.ActiveCfg = Debug|Any CPU
		{032FB858-B279-45DD-9B14-20C3689F1FF4}.Debug|x86.Build.0 = Debug|Any CPU
		{032FB858-B279-45DD-9B14-20C3689F1FF4}.Release|Any CPU.ActiveCfg = Release|Any CPU
		{032FB858-B279-45DD-9B14-20C3689F1FF4}.Release|Any CPU.Build.0 = Release|Any CPU
		{032FB858-B279-45DD-9B14-20C3689F1FF4}.Release|x64.ActiveCfg = Release|Any CPU
		{032FB858-B279-45DD-9B14-20C3689F1FF4}.Release|x64.Build.0 = Release|Any CPU
		{032FB858-B279-45DD-9B14-20C3689F1FF4}.Release|x86.ActiveCfg = Release|Any CPU
		{032FB858-B279-45DD-9B14-20C3689F1FF4}.Release|x86.Build.0 = Release|Any CPU
		{12E73D00-8436-43EB-B82E-AAAC1F9354DA}.Debug|Any CPU.ActiveCfg = Debug|Any CPU
		{12E73D00-8436-43EB-B82E-AAAC1F9354DA}.Debug|Any CPU.Build.0 = Debug|Any CPU
		{12E73D00-8436-43EB-B82E-AAAC1F9354DA}.Debug|x64.ActiveCfg = Debug|Any CPU
		{12E73D00-8436-43EB-B82E-AAAC1F9354DA}.Debug|x64.Build.0 = Debug|Any CPU
		{12E73D00-8436-43EB-B82E-AAAC1F9354DA}.Debug|x86.ActiveCfg = Debug|Any CPU
		{12E73D00-8436-43EB-B82E-AAAC1F9354DA}.Debug|x86.Build.0 = Debug|Any CPU
		{12E73D00-8436-43EB-B82E-AAAC1F9354DA}.Release|Any CPU.ActiveCfg = Release|Any CPU
		{12E73D00-8436-43EB-B82E-AAAC1F9354DA}.Release|Any CPU.Build.0 = Release|Any CPU
		{12E73D00-8436-43EB-B82E-AAAC1F9354DA}.Release|x64.ActiveCfg = Release|Any CPU
		{12E73D00-8436-43EB-B82E-AAAC1F9354DA}.Release|x64.Build.0 = Release|Any CPU
		{12E73D00-8436-43EB-B82E-AAAC1F9354DA}.Release|x86.ActiveCfg = Release|Any CPU
		{12E73D00-8436-43EB-B82E-AAAC1F9354DA}.Release|x86.Build.0 = Release|Any CPU
		{4D51C3CC-9CD2-4D8C-88B2-725E69A7A90A}.Debug|Any CPU.ActiveCfg = Debug|Any CPU
		{4D51C3CC-9CD2-4D8C-88B2-725E69A7A90A}.Debug|Any CPU.Build.0 = Debug|Any CPU
		{4D51C3CC-9CD2-4D8C-88B2-725E69A7A90A}.Debug|x64.ActiveCfg = Debug|Any CPU
		{4D51C3CC-9CD2-4D8C-88B2-725E69A7A90A}.Debug|x64.Build.0 = Debug|Any CPU
		{4D51C3CC-9CD2-4D8C-88B2-725E69A7A90A}.Debug|x86.ActiveCfg = Debug|Any CPU
		{4D51C3CC-9CD2-4D8C-88B2-725E69A7A90A}.Debug|x86.Build.0 = Debug|Any CPU
		{4D51C3CC-9CD2-4D8C-88B2-725E69A7A90A}.Release|Any CPU.ActiveCfg = Release|Any CPU
		{4D51C3CC-9CD2-4D8C-88B2-725E69A7A90A}.Release|Any CPU.Build.0 = Release|Any CPU
		{4D51C3CC-9CD2-4D8C-88B2-725E69A7A90A}.Release|x64.ActiveCfg = Release|Any CPU
		{4D51C3CC-9CD2-4D8C-88B2-725E69A7A90A}.Release|x64.Build.0 = Release|Any CPU
		{4D51C3CC-9CD2-4D8C-88B2-725E69A7A90A}.Release|x86.ActiveCfg = Release|Any CPU
		{4D51C3CC-9CD2-4D8C-88B2-725E69A7A90A}.Release|x86.Build.0 = Release|Any CPU
		{A92B603C-A658-44CB-9236-8A1E01EE83AE}.Debug|Any CPU.ActiveCfg = Debug|Any CPU
		{A92B603C-A658-44CB-9236-8A1E01EE83AE}.Debug|Any CPU.Build.0 = Debug|Any CPU
		{A92B603C-A658-44CB-9236-8A1E01EE83AE}.Debug|x64.ActiveCfg = Debug|Any CPU
		{A92B603C-A658-44CB-9236-8A1E01EE83AE}.Debug|x64.Build.0 = Debug|Any CPU
		{A92B603C-A658-44CB-9236-8A1E01EE83AE}.Debug|x86.ActiveCfg = Debug|Any CPU
		{A92B603C-A658-44CB-9236-8A1E01EE83AE}.Debug|x86.Build.0 = Debug|Any CPU
		{A92B603C-A658-44CB-9236-8A1E01EE83AE}.Release|Any CPU.ActiveCfg = Release|Any CPU
		{A92B603C-A658-44CB-9236-8A1E01EE83AE}.Release|Any CPU.Build.0 = Release|Any CPU
		{A92B603C-A658-44CB-9236-8A1E01EE83AE}.Release|x64.ActiveCfg = Release|Any CPU
		{A92B603C-A658-44CB-9236-8A1E01EE83AE}.Release|x64.Build.0 = Release|Any CPU
		{A92B603C-A658-44CB-9236-8A1E01EE83AE}.Release|x86.ActiveCfg = Release|Any CPU
		{A92B603C-A658-44CB-9236-8A1E01EE83AE}.Release|x86.Build.0 = Release|Any CPU
		{D5D7FF1D-7BAF-4601-A666-FE32D4A6D384}.Debug|Any CPU.ActiveCfg = Debug|Any CPU
		{D5D7FF1D-7BAF-4601-A666-FE32D4A6D384}.Debug|Any CPU.Build.0 = Debug|Any CPU
		{D5D7FF1D-7BAF-4601-A666-FE32D4A6D384}.Debug|x64.ActiveCfg = Debug|Any CPU
		{D5D7FF1D-7BAF-4601-A666-FE32D4A6D384}.Debug|x64.Build.0 = Debug|Any CPU
		{D5D7FF1D-7BAF-4601-A666-FE32D4A6D384}.Debug|x86.ActiveCfg = Debug|Any CPU
		{D5D7FF1D-7BAF-4601-A666-FE32D4A6D384}.Debug|x86.Build.0 = Debug|Any CPU
		{D5D7FF1D-7BAF-4601-A666-FE32D4A6D384}.Release|Any CPU.ActiveCfg = Release|Any CPU
		{D5D7FF1D-7BAF-4601-A666-FE32D4A6D384}.Release|Any CPU.Build.0 = Release|Any CPU
		{D5D7FF1D-7BAF-4601-A666-FE32D4A6D384}.Release|x64.ActiveCfg = Release|Any CPU
		{D5D7FF1D-7BAF-4601-A666-FE32D4A6D384}.Release|x64.Build.0 = Release|Any CPU
		{D5D7FF1D-7BAF-4601-A666-FE32D4A6D384}.Release|x86.ActiveCfg = Release|Any CPU
		{D5D7FF1D-7BAF-4601-A666-FE32D4A6D384}.Release|x86.Build.0 = Release|Any CPU
		{E6270A2C-6154-46BA-9E8A-E488419D7ECA}.Debug|Any CPU.ActiveCfg = Debug|Any CPU
		{E6270A2C-6154-46BA-9E8A-E488419D7ECA}.Debug|Any CPU.Build.0 = Debug|Any CPU
		{E6270A2C-6154-46BA-9E8A-E488419D7ECA}.Debug|x64.ActiveCfg = Debug|Any CPU
		{E6270A2C-6154-46BA-9E8A-E488419D7ECA}.Debug|x64.Build.0 = Debug|Any CPU
		{E6270A2C-6154-46BA-9E8A-E488419D7ECA}.Debug|x86.ActiveCfg = Debug|Any CPU
		{E6270A2C-6154-46BA-9E8A-E488419D7ECA}.Debug|x86.Build.0 = Debug|Any CPU
		{E6270A2C-6154-46BA-9E8A-E488419D7ECA}.Release|Any CPU.ActiveCfg = Release|Any CPU
		{E6270A2C-6154-46BA-9E8A-E488419D7ECA}.Release|Any CPU.Build.0 = Release|Any CPU
		{E6270A2C-6154-46BA-9E8A-E488419D7ECA}.Release|x64.ActiveCfg = Release|Any CPU
		{E6270A2C-6154-46BA-9E8A-E488419D7ECA}.Release|x64.Build.0 = Release|Any CPU
		{E6270A2C-6154-46BA-9E8A-E488419D7ECA}.Release|x86.ActiveCfg = Release|Any CPU
		{E6270A2C-6154-46BA-9E8A-E488419D7ECA}.Release|x86.Build.0 = Release|Any CPU
		{BCD5B8EF-2207-4635-BCEC-671409E4FE91}.Debug|Any CPU.ActiveCfg = Debug|Any CPU
		{BCD5B8EF-2207-4635-BCEC-671409E4FE91}.Debug|Any CPU.Build.0 = Debug|Any CPU
		{BCD5B8EF-2207-4635-BCEC-671409E4FE91}.Debug|x64.ActiveCfg = Debug|Any CPU
		{BCD5B8EF-2207-4635-BCEC-671409E4FE91}.Debug|x64.Build.0 = Debug|Any CPU
		{BCD5B8EF-2207-4635-BCEC-671409E4FE91}.Debug|x86.ActiveCfg = Debug|Any CPU
		{BCD5B8EF-2207-4635-BCEC-671409E4FE91}.Debug|x86.Build.0 = Debug|Any CPU
		{BCD5B8EF-2207-4635-BCEC-671409E4FE91}.Release|Any CPU.ActiveCfg = Release|Any CPU
		{BCD5B8EF-2207-4635-BCEC-671409E4FE91}.Release|Any CPU.Build.0 = Release|Any CPU
		{BCD5B8EF-2207-4635-BCEC-671409E4FE91}.Release|x64.ActiveCfg = Release|Any CPU
		{BCD5B8EF-2207-4635-BCEC-671409E4FE91}.Release|x64.Build.0 = Release|Any CPU
		{BCD5B8EF-2207-4635-BCEC-671409E4FE91}.Release|x86.ActiveCfg = Release|Any CPU
		{BCD5B8EF-2207-4635-BCEC-671409E4FE91}.Release|x86.Build.0 = Release|Any CPU
		{24558310-930E-454E-A55A-4362AED4D4AF}.Debug|Any CPU.ActiveCfg = Debug|Any CPU
		{24558310-930E-454E-A55A-4362AED4D4AF}.Debug|Any CPU.Build.0 = Debug|Any CPU
		{24558310-930E-454E-A55A-4362AED4D4AF}.Debug|x64.ActiveCfg = Debug|Any CPU
		{24558310-930E-454E-A55A-4362AED4D4AF}.Debug|x64.Build.0 = Debug|Any CPU
		{24558310-930E-454E-A55A-4362AED4D4AF}.Debug|x86.ActiveCfg = Debug|Any CPU
		{24558310-930E-454E-A55A-4362AED4D4AF}.Debug|x86.Build.0 = Debug|Any CPU
		{24558310-930E-454E-A55A-4362AED4D4AF}.Release|Any CPU.ActiveCfg = Release|Any CPU
		{24558310-930E-454E-A55A-4362AED4D4AF}.Release|Any CPU.Build.0 = Release|Any CPU
		{24558310-930E-454E-A55A-4362AED4D4AF}.Release|x64.ActiveCfg = Release|Any CPU
		{24558310-930E-454E-A55A-4362AED4D4AF}.Release|x64.Build.0 = Release|Any CPU
		{24558310-930E-454E-A55A-4362AED4D4AF}.Release|x86.ActiveCfg = Release|Any CPU
		{24558310-930E-454E-A55A-4362AED4D4AF}.Release|x86.Build.0 = Release|Any CPU
		{C51D99F4-24B5-46F5-BF20-1A312C117783}.Debug|Any CPU.ActiveCfg = Debug|Any CPU
		{C51D99F4-24B5-46F5-BF20-1A312C117783}.Debug|Any CPU.Build.0 = Debug|Any CPU
		{C51D99F4-24B5-46F5-BF20-1A312C117783}.Debug|x64.ActiveCfg = Debug|Any CPU
		{C51D99F4-24B5-46F5-BF20-1A312C117783}.Debug|x64.Build.0 = Debug|Any CPU
		{C51D99F4-24B5-46F5-BF20-1A312C117783}.Debug|x86.ActiveCfg = Debug|Any CPU
		{C51D99F4-24B5-46F5-BF20-1A312C117783}.Debug|x86.Build.0 = Debug|Any CPU
		{C51D99F4-24B5-46F5-BF20-1A312C117783}.Release|Any CPU.ActiveCfg = Release|Any CPU
		{C51D99F4-24B5-46F5-BF20-1A312C117783}.Release|Any CPU.Build.0 = Release|Any CPU
		{C51D99F4-24B5-46F5-BF20-1A312C117783}.Release|x64.ActiveCfg = Release|Any CPU
		{C51D99F4-24B5-46F5-BF20-1A312C117783}.Release|x64.Build.0 = Release|Any CPU
		{C51D99F4-24B5-46F5-BF20-1A312C117783}.Release|x86.ActiveCfg = Release|Any CPU
		{C51D99F4-24B5-46F5-BF20-1A312C117783}.Release|x86.Build.0 = Release|Any CPU
	EndGlobalSection
	GlobalSection(SolutionProperties) = preSolution
		HideSolutionNode = FALSE
	EndGlobalSection
	GlobalSection(NestedProjects) = preSolution
		{6696CC94-A990-4B8F-8BAD-5982E63BB0F3} = {827E0CD3-B72D-47B6-A68D-7590B98EB39B}
		{3147DD63-807A-4B81-BA6A-F42BDC5F3FC2} = {827E0CD3-B72D-47B6-A68D-7590B98EB39B}
		{A12E6F2A-FFEA-4747-8EA0-5F0EE2E34B50} = {827E0CD3-B72D-47B6-A68D-7590B98EB39B}
		{032FB858-B279-45DD-9B14-20C3689F1FF4} = {827E0CD3-B72D-47B6-A68D-7590B98EB39B}
		{12E73D00-8436-43EB-B82E-AAAC1F9354DA} = {0AB3BF05-4346-4AA6-1389-037BE0695223}
		{4D51C3CC-9CD2-4D8C-88B2-725E69A7A90A} = {07C2787E-EAC7-C090-1BA3-A61EC2A24D84}
		{A92B603C-A658-44CB-9236-8A1E01EE83AE} = {827E0CD3-B72D-47B6-A68D-7590B98EB39B}
		{D5D7FF1D-7BAF-4601-A666-FE32D4A6D384} = {827E0CD3-B72D-47B6-A68D-7590B98EB39B}
		{E6270A2C-6154-46BA-9E8A-E488419D7ECA} = {827E0CD3-B72D-47B6-A68D-7590B98EB39B}
		{BCD5B8EF-2207-4635-BCEC-671409E4FE91} = {827E0CD3-B72D-47B6-A68D-7590B98EB39B}
		{24558310-930E-454E-A55A-4362AED4D4AF} = {827E0CD3-B72D-47B6-A68D-7590B98EB39B}
		{C51D99F4-24B5-46F5-BF20-1A312C117783} = {07C2787E-EAC7-C090-1BA3-A61EC2A24D84}
	EndGlobalSection
EndGlobal
